<Solution>
  <Project Path="angularbiblereader.client/angularbiblereader.client.esproj">
    <Build />
    <Deploy />
  </Project>
  <Project Path="AngularBibleReader.Server/AngularBibleReader.Server.csproj" />
  <Project Path="AngularBibleReader.Server.Tests/AngularBibleReader.Server.Tests.csproj" />
</Solution>
